<?xml version="1.0" encoding="utf-8"?>
<Project ToolsVersion="4.0" xmlns="http://schemas.microsoft.com/developer/msbuild/2003">
  <ItemGroup>
    <ClCompile Include="..\..\wolf\W_Buffer.cpp">
      <Filter>wolf</Filter>
    </ClCompile>
    <ClCompile Include="..\..\wolf\W_BufferManager.cpp">
      <Filter>wolf</Filter>
    </ClCompile>
    <ClCompile Include="..\..\wolf\W_Common.cpp">
      <Filter>wolf</Filter>
    </ClCompile>
    <ClCompile Include="..\..\wolf\W_IndexBuffer.cpp">
      <Filter>wolf</Filter>
    </ClCompile>
    <ClCompile Include="..\..\wolf\W_Material.cpp">
      <Filter>wolf</Filter>
    </ClCompile>
    <ClCompile Include="..\..\wolf\W_MaterialManager.cpp">
      <Filter>wolf</Filter>
    </ClCompile>
    <ClCompile Include="..\..\wolf\W_Model.cpp">
      <Filter>wolf</Filter>
    </ClCompile>
    <ClCompile Include="..\..\wolf\W_Program.cpp">
      <Filter>wolf</Filter>
    </ClCompile>
    <ClCompile Include="..\..\wolf\W_ProgramManager.cpp">
      <Filter>wolf</Filter>
    </ClCompile>
    <ClCompile Include="..\..\wolf\W_Texture.cpp">
      <Filter>wolf</Filter>
    </ClCompile>
    <ClCompile Include="..\..\wolf\W_TextureManager.cpp">
      <Filter>wolf</Filter>
    </ClCompile>
    <ClCompile Include="..\..\wolf\W_VertexBuffer.cpp">
      <Filter>wolf</Filter>
    </ClCompile>
    <ClCompile Include="..\..\wolf\W_VertexDeclaration.cpp">
      <Filter>wolf</Filter>
    </ClCompile>
    <ClCompile Include="src\main.cpp" />
    <ClCompile Include="..\..\PowerVR\PVRTBoneBatch.cpp">
      <Filter>PVR</Filter>
    </ClCompile>
    <ClCompile Include="..\..\PowerVR\PVRTDecompress.cpp">
      <Filter>PVR</Filter>
    </ClCompile>
    <ClCompile Include="..\..\PowerVR\PVRTError.cpp">
      <Filter>PVR</Filter>
    </ClCompile>
    <ClCompile Include="..\..\PowerVR\PVRTFixedPoint.cpp">
      <Filter>PVR</Filter>
    </ClCompile>
    <ClCompile Include="..\..\PowerVR\PVRTGeometry.cpp">
      <Filter>PVR</Filter>
    </ClCompile>
    <ClCompile Include="..\..\PowerVR\PVRTMatrixF.cpp">
      <Filter>PVR</Filter>
    </ClCompile>
    <ClCompile Include="..\..\PowerVR\PVRTMatrixX.cpp">
      <Filter>PVR</Filter>
    </ClCompile>
    <ClCompile Include="..\..\PowerVR\PVRTMisc.cpp">
      <Filter>PVR</Filter>
    </ClCompile>
    <ClCompile Include="..\..\PowerVR\PVRTModelPOD.cpp">
      <Filter>PVR</Filter>
    </ClCompile>
    <ClCompile Include="..\..\PowerVR\PVRTQuaternionF.cpp">
      <Filter>PVR</Filter>
    </ClCompile>
    <ClCompile Include="..\..\PowerVR\PVRTQuaternionX.cpp">
      <Filter>PVR</Filter>
    </ClCompile>
    <ClCompile Include="..\..\PowerVR\PVRTResourceFile.cpp">
      <Filter>PVR</Filter>
    </ClCompile>
    <ClCompile Include="..\..\PowerVR\PVRTString.cpp">
      <Filter>PVR</Filter>
    </ClCompile>
    <ClCompile Include="..\..\PowerVR\PVRTTexture.cpp">
      <Filter>PVR</Filter>
    </ClCompile>
    <ClCompile Include="..\..\PowerVR\PVRTTrans.cpp">
      <Filter>PVR</Filter>
    </ClCompile>
    <ClCompile Include="..\..\PowerVR\PVRTTriStrip.cpp">
      <Filter>PVR</Filter>
    </ClCompile>
    <ClCompile Include="..\..\PowerVR\PVRTVector.cpp">
      <Filter>PVR</Filter>
    </ClCompile>
    <ClCompile Include="..\..\PowerVR\PVRTVertex.cpp">
      <Filter>PVR</Filter>
    </ClCompile>
    <ClCompile Include="src\ExampleGame.cpp" />
    <ClCompile Include="Node.cpp" />
    <ClCompile Include="Scene.cpp" />
    <ClCompile Include="Camera.cpp" />
    <ClCompile Include="src\Game.cpp" />
    <ClCompile Include="Transform.cpp" />
    <ClCompile Include="Effect.cpp">
      <Filter>ParticleEffect</Filter>
    </ClCompile>
    <ClCompile Include="Emitter.cpp">
      <Filter>ParticleEffect</Filter>
    </ClCompile>
    <ClCompile Include="Particle.cpp">
      <Filter>ParticleEffect</Filter>
    </ClCompile>
    <ClCompile Include="AddVelocityAffector.cpp">
      <Filter>ParticleEffect\Affector</Filter>
    </ClCompile>
    <ClCompile Include="Affector.cpp">
      <Filter>ParticleEffect\Affector</Filter>
    </ClCompile>
    <ClCompile Include="FadeAffector.cpp">
      <Filter>ParticleEffect\Affector</Filter>
    </ClCompile>
    <ClCompile Include="ScaleAffector.cpp">
      <Filter>ParticleEffect\Affector</Filter>
    </ClCompile>
    <ClCompile Include="..\..\tinyxml\tinystr.cpp">
      <Filter>tinyxml</Filter>
    </ClCompile>
    <ClCompile Include="..\..\tinyxml\tinyxml.cpp">
      <Filter>tinyxml</Filter>
    </ClCompile>
    <ClCompile Include="..\..\tinyxml\tinyxmlerror.cpp">
      <Filter>tinyxml</Filter>
    </ClCompile>
    <ClCompile Include="..\..\tinyxml\tinyxmlparser.cpp">
      <Filter>tinyxml</Filter>
    </ClCompile>
  </ItemGroup>
  <ItemGroup>
    <Filter Include="wolf">
      <UniqueIdentifier>{a07fd912-f963-48c0-862b-f413dc520f69}</UniqueIdentifier>
    </Filter>
    <Filter Include="PVR">
      <UniqueIdentifier>{628cc568-0fe6-4e7f-ad76-989d6186daa7}</UniqueIdentifier>
    </Filter>
    <Filter Include="ParticleEffect">
      <UniqueIdentifier>{9efedffd-4459-4bdc-8cef-31b408f1e97b}</UniqueIdentifier>
    </Filter>
    <Filter Include="ParticleEffect\Affector">
      <UniqueIdentifier>{5cf78782-8be2-4c1f-ab21-6d10e9c3ca0f}</UniqueIdentifier>
    </Filter>
    <Filter Include="tinyxml">
      <UniqueIdentifier>{684ecbc2-9364-4367-873f-92b5abeb56da}</UniqueIdentifier>
    </Filter>
  </ItemGroup>
  <ItemGroup>
    <ClInclude Include="..\..\wolf\W_Buffer.h">
      <Filter>wolf</Filter>
    </ClInclude>
    <ClInclude Include="..\..\wolf\W_BufferManager.h">
      <Filter>wolf</Filter>
    </ClInclude>
    <ClInclude Include="..\..\wolf\W_Common.h">
      <Filter>wolf</Filter>
    </ClInclude>
    <ClInclude Include="..\..\wolf\W_IndexBuffer.h">
      <Filter>wolf</Filter>
    </ClInclude>
    <ClInclude Include="..\..\wolf\W_Material.h">
      <Filter>wolf</Filter>
    </ClInclude>
    <ClInclude Include="..\..\wolf\W_MaterialManager.h">
      <Filter>wolf</Filter>
    </ClInclude>
    <ClInclude Include="..\..\wolf\W_Model.h">
      <Filter>wolf</Filter>
    </ClInclude>
    <ClInclude Include="..\..\wolf\W_Program.h">
      <Filter>wolf</Filter>
    </ClInclude>
    <ClInclude Include="..\..\wolf\W_ProgramManager.h">
      <Filter>wolf</Filter>
    </ClInclude>
    <ClInclude Include="..\..\wolf\W_Texture.h">
      <Filter>wolf</Filter>
    </ClInclude>
    <ClInclude Include="..\..\wolf\W_TextureManager.h">
      <Filter>wolf</Filter>
    </ClInclude>
    <ClInclude Include="..\..\wolf\W_Types.h">
      <Filter>wolf</Filter>
    </ClInclude>
    <ClInclude Include="..\..\wolf\W_VertexBuffer.h">
      <Filter>wolf</Filter>
    </ClInclude>
    <ClInclude Include="..\..\wolf\W_VertexDeclaration.h">
      <Filter>wolf</Filter>
    </ClInclude>
    <ClInclude Include="..\..\PowerVR\PVRTArray.h">
      <Filter>PVR</Filter>
    </ClInclude>
    <ClInclude Include="..\..\PowerVR\PVRTBackground.h">
      <Filter>PVR</Filter>
    </ClInclude>
    <ClInclude Include="..\..\PowerVR\PVRTBoneBatch.h">
      <Filter>PVR</Filter>
    </ClInclude>
    <ClInclude Include="..\..\PowerVR\PVRTDecompress.h">
      <Filter>PVR</Filter>
    </ClInclude>
    <ClInclude Include="..\..\PowerVR\PVRTError.h">
      <Filter>PVR</Filter>
    </ClInclude>
    <ClInclude Include="..\..\PowerVR\PVRTFixedPoint.h">
      <Filter>PVR</Filter>
    </ClInclude>
    <ClInclude Include="..\..\PowerVR\PVRTGeometry.h">
      <Filter>PVR</Filter>
    </ClInclude>
    <ClInclude Include="..\..\PowerVR\PVRTGlobal.h">
      <Filter>PVR</Filter>
    </ClInclude>
    <ClInclude Include="..\..\PowerVR\PVRTHash.h">
      <Filter>PVR</Filter>
    </ClInclude>
    <ClInclude Include="..\..\PowerVR\PVRTMathTable.h">
      <Filter>PVR</Filter>
    </ClInclude>
    <ClInclude Include="..\..\PowerVR\PVRTMatrix.h">
      <Filter>PVR</Filter>
    </ClInclude>
    <ClInclude Include="..\..\PowerVR\PVRTMemoryFileSystem.h">
      <Filter>PVR</Filter>
    </ClInclude>
    <ClInclude Include="..\..\PowerVR\PVRTMisc.h">
      <Filter>PVR</Filter>
    </ClInclude>
    <ClInclude Include="..\..\PowerVR\PVRTModelPOD.h">
      <Filter>PVR</Filter>
    </ClInclude>
    <ClInclude Include="..\..\PowerVR\PVRTools.h">
      <Filter>PVR</Filter>
    </ClInclude>
    <ClInclude Include="..\..\PowerVR\PVRTQuaternion.h">
      <Filter>PVR</Filter>
    </ClInclude>
    <ClInclude Include="..\..\PowerVR\PVRTResourceFile.h">
      <Filter>PVR</Filter>
    </ClInclude>
    <ClInclude Include="..\..\PowerVR\PVRTSingleton.h">
      <Filter>PVR</Filter>
    </ClInclude>
    <ClInclude Include="..\..\PowerVR\PVRTSkipGraph.h">
      <Filter>PVR</Filter>
    </ClInclude>
    <ClInclude Include="..\..\PowerVR\PVRTString.h">
      <Filter>PVR</Filter>
    </ClInclude>
    <ClInclude Include="..\..\PowerVR\PVRTTexture.h">
      <Filter>PVR</Filter>
    </ClInclude>
    <ClInclude Include="..\..\PowerVR\PVRTTrans.h">
      <Filter>PVR</Filter>
    </ClInclude>
    <ClInclude Include="..\..\PowerVR\PVRTTriStrip.h">
      <Filter>PVR</Filter>
    </ClInclude>
    <ClInclude Include="..\..\PowerVR\PVRTVector.h">
      <Filter>PVR</Filter>
    </ClInclude>
    <ClInclude Include="..\..\PowerVR\PVRTVertex.h">
      <Filter>PVR</Filter>
    </ClInclude>
    <ClInclude Include="src\ExampleGame.h" />
    <ClInclude Include="Node.h" />
    <ClInclude Include="Scene.h" />
    <ClInclude Include="Camera.h" />
    <ClInclude Include="src\Game.h" />
    <ClInclude Include="Transform.h" />
    <ClInclude Include="Effect.h">
      <Filter>ParticleEffect</Filter>
    </ClInclude>
    <ClInclude Include="Emitter.h">
      <Filter>ParticleEffect</Filter>
    </ClInclude>
    <ClInclude Include="Particle.h">
      <Filter>ParticleEffect</Filter>
    </ClInclude>
    <ClInclude Include="AddVelocityAffector.h">
      <Filter>ParticleEffect\Affector</Filter>
    </ClInclude>
    <ClInclude Include="Affector.h">
      <Filter>ParticleEffect\Affector</Filter>
    </ClInclude>
    <ClInclude Include="FadeAffector.h">
      <Filter>ParticleEffect\Affector</Filter>
    </ClInclude>
    <ClInclude Include="ScaleAffector.h">
      <Filter>ParticleEffect\Affector</Filter>
    </ClInclude>
    <ClInclude Include="..\..\tinyxml\tinystr.h">
      <Filter>tinyxml</Filter>
    </ClInclude>
    <ClInclude Include="..\..\tinyxml\tinyxml.h">
      <Filter>tinyxml</Filter>
    </ClInclude>
  </ItemGroup>
</Project>